<?xml version="1.0" encoding="utf-8"?>
<Project ToolsVersion="4.0" xmlns="http://schemas.microsoft.com/developer/msbuild/2003">
  <ItemGroup>
    <Filter Include="Source Files">
      <UniqueIdentifier>{4e11acd8-6e7b-4d2c-8ef0-b6679221d277}</UniqueIdentifier>
      <Extensions>cpp</Extensions>
    </Filter>
    <Filter Include="Header Files">
      <UniqueIdentifier>{608b5838-f65f-4328-8004-00dbb4966937}</UniqueIdentifier>
      <Extensions>h</Extensions>
    </Filter>
    <Filter Include="Miscellaneous Files">
      <UniqueIdentifier>{e7f9decf-bdd1-4b4d-9bb5-810a8b5d4541}</UniqueIdentifier>
      <Extensions>txt</Extensions>
    </Filter>
  </ItemGroup>
  <ItemGroup>
    <ClCompile Include="pluginMain.cpp">
      <Filter>Source Files</Filter>
    </ClCompile>
  </ItemGroup>
  <ItemGroup>
    <ClInclude Include="Blitz3Dexporteur.h">
      <Filter>Header Files</Filter>
    </ClInclude>
    <ClInclude Include="getrelativepath.h">
      <Filter>Header Files</Filter>
    </ClInclude>
    <ClInclude Include="pluginFunctions.h">
      <Filter>Header Files</Filter>
    </ClInclude>
  </ItemGroup>
  <ItemGroup>
    <None Include="Options.txt">
      <Filter>Miscellaneous Files</Filter>
    </None>
    <None Include="ReadMe.txt">
      <Filter>Miscellaneous Files</Filter>
    </None>
  </ItemGroup>
</Project>